
Microsoft Visual Studio Solution File, Format Version 11.00
# Visual Studio 2010
Project("{8BC9CEB8-8B4A-11D0-8D11-00A0C91BC942}") = "CSV Parser", "CSV Parser\CSV Parser.vcxproj", "{1310B056-EDA8-486A-94E0-1F20C995F37A}"
EndProject
Global
	GlobalSection(SolutionConfigurationPlatforms) = preSolution
		Debug|Win32 = Debug|Win32
		Release|Win32 = Release|Win32
	EndGlobalSection
	GlobalSection(ProjectConfigurationPlatforms) = postSolution
		{1310B056-EDA8-486A-94E0-1F20C995F37A}.Debug|Win32.ActiveCfg = Debug|Win32
		{1310B056-EDA8-486A-94E0-1F20C995F37A}.Debug|Win32.Build.0 = Debug|Win32
		{1310B056-EDA8-486A-94E0-1F20C995F37A}.Release|Win32.ActiveCfg = Release|Win32
		{1310B056-EDA8-486A-94E0-1F20C995F37A}.Release|Win32.Build.0 = Release|Win32
	EndGlobalSection
	GlobalSection(SolutionProperties) = preSolution
		HideSolutionNode = FALSE
	EndGlobalSection
EndGlobal
